// !$*UTF8*$!
{
	archiveVersion = 1;
	classes = {
	};
	objectVersion = 50;
	objects = {

/* Begin PBXBuildFile section */
		20CD12D926C5D3B000A1AB0E /* NetworkManager.swift in Sources */ = {isa = PBXBuildFile; fileRef = 20CD12D826C5D3B000A1AB0E /* NetworkManager.swift */; };
		20CD12DB26C5D3C200A1AB0E /* SpaceStationsData.swift in Sources */ = {isa = PBXBuildFile; fileRef = 20CD12DA26C5D3C200A1AB0E /* SpaceStationsData.swift */; };
		20CD12E026C5D54600A1AB0E /* SpaceStationCell.swift in Sources */ = {isa = PBXBuildFile; fileRef = 20CD12DF26C5D54600A1AB0E /* SpaceStationCell.swift */; };
		20CD12E226C5D65300A1AB0E /* SpaceStationModel.swift in Sources */ = {isa = PBXBuildFile; fileRef = 20CD12E126C5D65300A1AB0E /* SpaceStationModel.swift */; };
		20F3527226C5D04700F9AF06 /* AppDelegate.swift in Sources */ = {isa = PBXBuildFile; fileRef = 20F3527126C5D04700F9AF06 /* AppDelegate.swift */; };
		20F3527426C5D04700F9AF06 /* SceneDelegate.swift in Sources */ = {isa = PBXBuildFile; fileRef = 20F3527326C5D04700F9AF06 /* SceneDelegate.swift */; };
		20F3527626C5D04700F9AF06 /* ViewController.swift in Sources */ = {isa = PBXBuildFile; fileRef = 20F3527526C5D04700F9AF06 /* ViewController.swift */; };
		20F3527926C5D04700F9AF06 /* Main.storyboard in Resources */ = {isa = PBXBuildFile; fileRef = 20F3527726C5D04700F9AF06 /* Main.storyboard */; };
		20F3527B26C5D04900F9AF06 /* Assets.xcassets in Resources */ = {isa = PBXBuildFile; fileRef = 20F3527A26C5D04900F9AF06 /* Assets.xcassets */; };
		20F3527E26C5D04900F9AF06 /* LaunchScreen.storyboard in Resources */ = {isa = PBXBuildFile; fileRef = 20F3527C26C5D04900F9AF06 /* LaunchScreen.storyboard */; };
/* End PBXBuildFile section */

/* Begin PBXFileReference section */
		20CD12D826C5D3B000A1AB0E /* NetworkManager.swift */ = {isa = PBXFileReference; lastKnownFileType = sourcecode.swift; path = NetworkManager.swift; sourceTree = "<group>"; };
		20CD12DA26C5D3C200A1AB0E /* SpaceStationsData.swift */ = {isa = PBXFileReference; lastKnownFileType = sourcecode.swift; path = SpaceStationsData.swift; sourceTree = "<group>"; };
		20CD12DF26C5D54600A1AB0E /* SpaceStationCell.swift */ = {isa = PBXFileReference; lastKnownFileType = sourcecode.swift; path = SpaceStationCell.swift; sourceTree = "<group>"; };
		20CD12E126C5D65300A1AB0E /* SpaceStationModel.swift */ = {isa = PBXFileReference; lastKnownFileType = sourcecode.swift; path = SpaceStationModel.swift; sourceTree = "<group>"; };
		20F3526E26C5D04700F9AF06 /* SpaceStation.app */ = {isa = PBXFileReference; explicitFileType = wrapper.application; includeInIndex = 0; path = SpaceStation.app; sourceTree = BUILT_PRODUCTS_DIR; };
		20F3527126C5D04700F9AF06 /* AppDelegate.swift */ = {isa = PBXFileReference; lastKnownFileType = sourcecode.swift; path = AppDelegate.swift; sourceTree = "<group>"; };
		20F3527326C5D04700F9AF06 /* SceneDelegate.swift */ = {isa = PBXFileReference; lastKnownFileType = sourcecode.swift; path = SceneDelegate.swift; sourceTree = "<group>"; };
		20F3527526C5D04700F9AF06 /* ViewController.swift */ = {isa = PBXFileReference; lastKnownFileType = sourcecode.swift; path = ViewController.swift; sourceTree = "<group>"; };
		20F3527826C5D04700F9AF06 /* Base */ = {isa = PBXFileReference; lastKnownFileType = file.storyboard; name = Base; path = Base.lproj/Main.storyboard; sourceTree = "<group>"; };
		20F3527A26C5D04900F9AF06 /* Assets.xcassets */ = {isa = PBXFileReference; lastKnownFileType = folder.assetcatalog; path = Assets.xcassets; sourceTree = "<group>"; };
		20F3527D26C5D04900F9AF06 /* Base */ = {isa = PBXFileReference; lastKnownFileType = file.storyboard; name = Base; path = Base.lproj/LaunchScreen.storyboard; sourceTree = "<group>"; };
		20F3527F26C5D04900F9AF06 /* Info.plist */ = {isa = PBXFileReference; lastKnownFileType = text.plist.xml; path = Info.plist; sourceTree = "<group>"; };
/* End PBXFileReference section */

/* Begin PBXFrameworksBuildPhase section */
		20F3526B26C5D04700F9AF06 /* Frameworks */ = {
			isa = PBXFrameworksBuildPhase;
			buildActionMask = 2147483647;
			files = (
			);
			runOnlyForDeploymentPostprocessing = 0;
		};
/* End PBXFrameworksBuildPhase section */

/* Begin PBXGroup section */
		20CD12DC26C5D44A00A1AB0E /* Controller */ = {
			isa = PBXGroup;
			children = (
				20F3527526C5D04700F9AF06 /* ViewController.swift */,
			);
			path = Controller;
			sourceTree = "<group>";
		};
		20CD12DD26C5D45200A1AB0E /* Model */ = {
			isa = PBXGroup;
			children = (
				20CD12D826C5D3B000A1AB0E /* NetworkManager.swift */,
				20CD12DA26C5D3C200A1AB0E /* SpaceStationsData.swift */,
				20CD12E126C5D65300A1AB0E /* SpaceStationModel.swift */,
			);
			path = Model;
			sourceTree = "<group>";
		};
		20CD12DE26C5D45E00A1AB0E /* View */ = {
			isa = PBXGroup;
			children = (
				20F3527726C5D04700F9AF06 /* Main.storyboard */,
				20CD12DF26C5D54600A1AB0E /* SpaceStationCell.swift */,
			);
			path = View;
			sourceTree = "<group>";
		};
		20F3526526C5D04700F9AF06 = {
			isa = PBXGroup;
			children = (
				20F3527026C5D04700F9AF06 /* SpaceStation */,
				20F3526F26C5D04700F9AF06 /* Products */,
			);
			sourceTree = "<group>";
		};
		20F3526F26C5D04700F9AF06 /* Products */ = {
			isa = PBXGroup;
			children = (
				20F3526E26C5D04700F9AF06 /* SpaceStation.app */,
			);
			name = Products;
			sourceTree = "<group>";
		};
		20F3527026C5D04700F9AF06 /* SpaceStation */ = {
			isa = PBXGroup;
			children = (
				20F3527126C5D04700F9AF06 /* AppDelegate.swift */,
				20F3527326C5D04700F9AF06 /* SceneDelegate.swift */,
				20CD12DD26C5D45200A1AB0E /* Model */,
				20CD12DE26C5D45E00A1AB0E /* View */,
				20CD12DC26C5D44A00A1AB0E /* Controller */,
				20F3527A26C5D04900F9AF06 /* Assets.xcassets */,
				20F3527C26C5D04900F9AF06 /* LaunchScreen.storyboard */,
				20F3527F26C5D04900F9AF06 /* Info.plist */,
			);
			path = SpaceStation;
			sourceTree = "<group>";
		};
/* End PBXGroup section */

/* Begin PBXNativeTarget section */
		20F3526D26C5D04700F9AF06 /* SpaceStation */ = {
			isa = PBXNativeTarget;
			buildConfigurationList = 20F3528226C5D04900F9AF06 /* Build configuration list for PBXNativeTarget "SpaceStation" */;
			buildPhases = (
				20F3526A26C5D04700F9AF06 /* Sources */,
				20F3526B26C5D04700F9AF06 /* Frameworks */,
				20F3526C26C5D04700F9AF06 /* Resources */,
			);
			buildRules = (
			);
			dependencies = (
			);
			name = SpaceStation;
			productName = SpaceStation;
			productReference = 20F3526E26C5D04700F9AF06 /* SpaceStation.app */;
			productType = "com.apple.product-type.application";
		};
/* End PBXNativeTarget section */

/* Begin PBXProject section */
		20F3526626C5D04700F9AF06 /* Project object */ = {
			isa = PBXProject;
			attributes = {
				LastSwiftUpdateCheck = 1250;
				LastUpgradeCheck = 1250;
				TargetAttributes = {
					20F3526D26C5D04700F9AF06 = {
						CreatedOnToolsVersion = 12.5.1;
					};
				};
			};
			buildConfigurationList = 20F3526926C5D04700F9AF06 /* Build configuration list for PBXProject "SpaceStation" */;
			compatibilityVersion = "Xcode 9.3";
			developmentRegion = en;
			hasScannedForEncodings = 0;
			knownRegions = (
				en,
				Base,
			);
			mainGroup = 20F3526526C5D04700F9AF06;
			productRefGroup = 20F3526F26C5D04700F9AF06 /* Products */;
			projectDirPath = "";
			projectRoot = "";
			targets = (
				20F3526D26C5D04700F9AF06 /* SpaceStation */,
			);
		};
/* End PBXProject section */

/* Begin PBXResourcesBuildPhase section */
		20F3526C26C5D04700F9AF06 /* Resources */ = {
			isa = PBXResourcesBuildPhase;
			buildActionMask = 2147483647;
			files = (
				20F3527E26C5D04900F9AF06 /* LaunchScreen.storyboard in Resources */,
				20F3527B26C5D04900F9AF06 /* Assets.xcassets in Resources */,
				20F3527926C5D04700F9AF06 /* Main.storyboard in Resources */,
			);
			runOnlyForDeploymentPostprocessing = 0;
		};
/* End PBXResourcesBuildPhase section */

/* Begin PBXSourcesBuildPhase section */
		20F3526A26C5D04700F9AF06 /* Sources */ = {
			isa = PBXSourcesBuildPhase;
			buildActionMask = 2147483647;
			files = (
				20CD12DB26C5D3C200A1AB0E /* SpaceStationsData.swift in Sources */,
				20CD12D926C5D3B000A1AB0E /* NetworkManager.swift in Sources */,
				20F3527626C5D04700F9AF06 /* ViewController.swift in Sources */,
				20F3527226C5D04700F9AF06 /* AppDelegate.swift in Sources */,
				20F3527426C5D04700F9AF06 /* SceneDelegate.swift in Sources */,
				20CD12E026C5D54600A1AB0E /* SpaceStationCell.swift in Sources */,
				20CD12E226C5D65300A1AB0E /* SpaceStationModel.swift in Sources */,
			);
			runOnlyForDeploymentPostprocessing = 0;
		};
/* End PBXSourcesBuildPhase section */

/* Begin PBXVariantGroup section */
		20F3527726C5D04700F9AF06 /* Main.storyboard */ = {
			isa = PBXVariantGroup;
			children = (
				20F3527826C5D04700F9AF06 /* Base */,
			);
			name = Main.storyboard;
			sourceTree = "<group>";
		};
		20F3527C26C5D04900F9AF06 /* LaunchScreen.storyboard */ = {
			isa = PBXVariantGroup;
			children = (
				20F3527D26C5D04900F9AF06 /* Base */,
			);
			name = LaunchScreen.storyboard;
			sourceTree = "<group>";
		};
/* End PBXVariantGroup section */

/* Begin XCBuildConfiguration section */
		20F3528026C5D04900F9AF06 /* Debug */ = {
			isa = XCBuildConfiguration;
			buildSettings = {
				ALWAYS_SEARCH_USER_PATHS = NO;
				CLANG_ANALYZER_NONNULL = YES;
				CLANG_ANALYZER_NUMBER_OBJECT_CONVERSION = YES_AGGRESSIVE;
				CLANG_CXX_LANGUAGE_STANDARD = "gnu++14";
				CLANG_CXX_LIBRARY = "libc++";
				CLANG_ENABLE_MODULES = YES;
				CLANG_ENABLE_OBJC_ARC = YES;
				CLANG_ENABLE_OBJC_WEAK = YES;
				CLANG_WARN_BLOCK_CAPTURE_AUTORELEASING = YES;
				CLANG_WARN_BOOL_CONVERSION = YES;
				CLANG_WARN_COMMA = YES;
				CLANG_WARN_CONSTANT_CONVERSION = YES;
				CLANG_WARN_DEPRECATED_OBJC_IMPLEMENTATIONS = YES;
				CLANG_WARN_DIRECT_OBJC_ISA_USAGE = YES_ERROR;
				CLANG_WARN_DOCUMENTATION_COMMENTS = YES;
				CLANG_WARN_EMPTY_BODY = YES;
				CLANG_WARN_ENUM_CONVERSION = YES;
				CLANG_WARN_INFINITE_RECURSION = YES;
				CLANG_WARN_INT_CONVERSION = YES;
				CLANG_WARN_NON_LITERAL_NULL_CONVERSION = YES;
				CLANG_WARN_OBJC_IMPLICIT_RETAIN_SELF = YES;
				CLANG_WARN_OBJC_LITERAL_CONVERSION = YES;
				CLANG_WARN_OBJC_ROOT_CLASS = YES_ERROR;
				CLANG_WARN_QUOTED_INCLUDE_IN_FRAMEWORK_HEADER = YES;
				CLANG_WARN_RANGE_LOOP_ANALYSIS = YES;
				CLANG_WARN_STRICT_PROTOTYPES = YES;
				CLANG_WARN_SUSPICIOUS_MOVE = YES;
				CLANG_WARN_UNGUARDED_AVAILABILITY = YES_AGGRESSIVE;
				CLANG_WARN_UNREACHABLE_CODE = YES;
				CLANG_WARN__DUPLICATE_METHOD_MATCH = YES;
				COPY_PHASE_STRIP = NO;
				DEBUG_INFORMATION_FORMAT = dwarf;
				ENABLE_STRICT_OBJC_MSGSEND = YES;
				ENABLE_TESTABILITY = YES;
				GCC_C_LANGUAGE_STANDARD = gnu11;
				GCC_DYNAMIC_NO_PIC = NO;
				GCC_NO_COMMON_BLOCKS = YES;
				GCC_OPTIMIZATION_LEVEL = 0;
				GCC_PREPROCESSOR_DEFINITIONS = (
					"DEBUG=1",
					"$(inherited)",
				);
				GCC_WARN_64_TO_32_BIT_CONVERSION = YES;
				GCC_WARN_ABOUT_RETURN_TYPE = YES_ERROR;
				GCC_WARN_UNDECLARED_SELECTOR = YES;
				GCC_WARN_UNINITIALIZED_AUTOS = YES_AGGRESSIVE;
				GCC_WARN_UNUSED_FUNCTION = YES;
				GCC_WARN_UNUSED_VARIABLE = YES;
				IPHONEOS_DEPLOYMENT_TARGET = 14.5;
				MTL_ENABLE_DEBUG_INFO = INCLUDE_SOURCE;
				MTL_FAST_MATH = YES;
				ONLY_ACTIVE_ARCH = YES;
				SDKROOT = iphoneos;
				SWIFT_ACTIVE_COMPILATION_CONDITIONS = DEBUG;
				SWIFT_OPTIMIZATION_LEVEL = "-Onone";
			};
			name = Debug;
		};
		20F3528126C5D04900F9AF06 /* Release */ = {
			isa = XCBuildConfiguration;
			buildSettings = {
				ALWAYS_SEARCH_USER_PATHS = NO;
				CLANG_ANALYZER_NONNULL = YES;
				CLANG_ANALYZER_NUMBER_OBJECT_CONVERSION = YES_AGGRESSIVE;
				CLANG_CXX_LANGUAGE_STANDARD = "gnu++14";
				CLANG_CXX_LIBRARY = "libc++";
				CLANG_ENABLE_MODULES = YES;
				CLANG_ENABLE_OBJC_ARC = YES;
				CLANG_ENABLE_OBJC_WEAK = YES;
				CLANG_WARN_BLOCK_CAPTURE_AUTORELEASING = YES;
				CLANG_WARN_BOOL_CONVERSION = YES;
				CLANG_WARN_COMMA = YES;
				CLANG_WARN_CONSTANT_CONVERSION = YES;
				CLANG_WARN_DEPRECATED_OBJC_IMPLEMENTATIONS = YES;
				CLANG_WARN_DIRECT_OBJC_ISA_USAGE = YES_ERROR;
				CLANG_WARN_DOCUMENTATION_COMMENTS = YES;
				CLANG_WARN_EMPTY_BODY = YES;
				CLANG_WARN_ENUM_CONVERSION = YES;
				CLANG_WARN_INFINITE_RECURSION = YES;
				CLANG_WARN_INT_CONVERSION = YES;
				CLANG_WARN_NON_LITERAL_NULL_CONVERSION = YES;
				CLANG_WARN_OBJC_IMPLICIT_RETAIN_SELF = YES;
				CLANG_WARN_OBJC_LITERAL_CONVERSION = YES;
				CLANG_WARN_OBJC_ROOT_CLASS = YES_ERROR;
				CLANG_WARN_QUOTED_INCLUDE_IN_FRAMEWORK_HEADER = YES;
				CLANG_WARN_RANGE_LOOP_ANALYSIS = YES;
				CLANG_WARN_STRICT_PROTOTYPES = YES;
				CLANG_WARN_SUSPICIOUS_MOVE = YES;
				CLANG_WARN_UNGUARDED_AVAILABILITY = YES_AGGRESSIVE;
				CLANG_WARN_UNREACHABLE_CODE = YES;
				CLANG_WARN__DUPLICATE_METHOD_MATCH = YES;
				COPY_PHASE_STRIP = NO;
				DEBUG_INFORMATION_FORMAT = "dwarf-with-dsym";
				ENABLE_NS_ASSERTIONS = NO;
				ENABLE_STRICT_OBJC_MSGSEND = YES;
				GCC_C_LANGUAGE_STANDARD = gnu11;
				GCC_NO_COMMON_BLOCKS = YES;
				GCC_WARN_64_TO_32_BIT_CONVERSION = YES;
				GCC_WARN_ABOUT_RETURN_TYPE = YES_ERROR;
				GCC_WARN_UNDECLARED_SELECTOR = YES;
				GCC_WARN_UNINITIALIZED_AUTOS = YES_AGGRESSIVE;
				GCC_WARN_UNUSED_FUNCTION = YES;
				GCC_WARN_UNUSED_VARIABLE = YES;
				IPHONEOS_DEPLOYMENT_TARGET = 14.5;
				MTL_ENABLE_DEBUG_INFO = NO;
				MTL_FAST_MATH = YES;
				SDKROOT = iphoneos;
				SWIFT_COMPILATION_MODE = wholemodule;
				SWIFT_OPTIMIZATION_LEVEL = "-O";
				VALIDATE_PRODUCT = YES;
			};
			name = Release;
		};
		20F3528326C5D04900F9AF06 /* Debug */ = {
			isa = XCBuildConfiguration;
			buildSettings = {
				ASSETCATALOG_COMPILER_APPICON_NAME = AppIcon;
				ASSETCATALOG_COMPILER_GLOBAL_ACCENT_COLOR_NAME = AccentColor;
				CODE_SIGN_STYLE = Automatic;
				DEVELOPMENT_TEAM = 79NLKX484J;
				INFOPLIST_FILE = SpaceStation/Info.plist;
				LD_RUNPATH_SEARCH_PATHS = (
					"$(inherited)",
					"@executable_path/Frameworks",
				);
				PRODUCT_BUNDLE_IDENTIFIER = com.jareyesda.SpaceStation;
				PRODUCT_NAME = "$(TARGET_NAME)";
				SWIFT_VERSION = 5.0;
				TARGETED_DEVICE_FAMILY = "1,2";
			};
			name = Debug;
		};
		20F3528426C5D04900F9AF06 /* Release */ = {
			isa = XCBuildConfiguration;
			buildSettings = {
				ASSETCATALOG_COMPILER_APPICON_NAME = AppIcon;
				ASSETCATALOG_COMPILER_GLOBAL_ACCENT_COLOR_NAME = AccentColor;
				CODE_SIGN_STYLE = Automatic;
				DEVELOPMENT_TEAM = 79NLKX484J;
				INFOPLIST_FILE = SpaceStation/Info.plist;
				LD_RUNPATH_SEARCH_PATHS = (
					"$(inherited)",
					"@executable_path/Frameworks",
				);
				PRODUCT_BUNDLE_IDENTIFIER = com.jareyesda.SpaceStation;
				PRODUCT_NAME = "$(TARGET_NAME)";
				SWIFT_VERSION = 5.0;
				TARGETED_DEVICE_FAMILY = "1,2";
			};
			name = Release;
		};
/* End XCBuildConfiguration section */

/* Begin XCConfigurationList section */
		20F3526926C5D04700F9AF06 /* Build configuration list for PBXProject "SpaceStation" */ = {
			isa = XCConfigurationList;
			buildConfigurations = (
				20F3528026C5D04900F9AF06 /* Debug */,
				20F3528126C5D04900F9AF06 /* Release */,
			);
			defaultConfigurationIsVisible = 0;
			defaultConfigurationName = Release;
		};
		20F3528226C5D04900F9AF06 /* Build configuration list for PBXNativeTarget "SpaceStation" */ = {
			isa = XCConfigurationList;
			buildConfigurations = (
				20F3528326C5D04900F9AF06 /* Debug */,
				20F3528426C5D04900F9AF06 /* Release */,
			);
			defaultConfigurationIsVisible = 0;
			defaultConfigurationName = Release;
		};
/* End XCConfigurationList section */
	};
	rootObject = 20F3526626C5D04700F9AF06 /* Project object */;
}
